// !$*UTF8*$!
{
	archiveVersion = 1;
	classes = {
	};
	objectVersion = 50;
	objects = {

/* Begin PBXBuildFile section */
		24D9716325029F8D00B3170B /* AppDelegate.swift in Sources */ = {isa = PBXBuildFile; fileRef = 24D9716225029F8D00B3170B /* AppDelegate.swift */; };
		24D9716525029F8D00B3170B /* SceneDelegate.swift in Sources */ = {isa = PBXBuildFile; fileRef = 24D9716425029F8D00B3170B /* SceneDelegate.swift */; };
		24D9716725029F8D00B3170B /* NewsFeedViewController.swift in Sources */ = {isa = PBXBuildFile; fileRef = 24D9716625029F8D00B3170B /* NewsFeedViewController.swift */; };
		24D9716D25029F8D00B3170B /* RRSNewsFeed.xcdatamodeld in Sources */ = {isa = PBXBuildFile; fileRef = 24D9716B25029F8D00B3170B /* RRSNewsFeed.xcdatamodeld */; };
		24D9716F25029F9000B3170B /* Assets.xcassets in Resources */ = {isa = PBXBuildFile; fileRef = 24D9716E25029F9000B3170B /* Assets.xcassets */; };
		24D9717225029F9000B3170B /* LaunchScreen.storyboard in Resources */ = {isa = PBXBuildFile; fileRef = 24D9717025029F9000B3170B /* LaunchScreen.storyboard */; };
		24D9717D25029F9100B3170B /* RRSNewsFeedTests.swift in Sources */ = {isa = PBXBuildFile; fileRef = 24D9717C25029F9100B3170B /* RRSNewsFeedTests.swift */; };
		24D971882502A05200B3170B /* RSSNewsFeed.swift in Sources */ = {isa = PBXBuildFile; fileRef = 24D971872502A05200B3170B /* RSSNewsFeed.swift */; };
		24D9718C2502ADB700B3170B /* NewsFeedParser.swift in Sources */ = {isa = PBXBuildFile; fileRef = 24D9718B2502ADB700B3170B /* NewsFeedParser.swift */; };
		24D9719D2502CF2900B3170B /* NewsFeedViewController.storyboard in Resources */ = {isa = PBXBuildFile; fileRef = 24D9719C2502CF2900B3170B /* NewsFeedViewController.storyboard */; };
		24D9719F2502D01F00B3170B /* NewsFeedViewModel.swift in Sources */ = {isa = PBXBuildFile; fileRef = 24D9719E2502D01F00B3170B /* NewsFeedViewModel.swift */; };
		24D971A42502D2EF00B3170B /* NewsFeedViewCell.swift in Sources */ = {isa = PBXBuildFile; fileRef = 24D971A22502D2EF00B3170B /* NewsFeedViewCell.swift */; };
		24D971A52502D2EF00B3170B /* NewsFeedViewCell.xib in Resources */ = {isa = PBXBuildFile; fileRef = 24D971A32502D2EF00B3170B /* NewsFeedViewCell.xib */; };
		24D971A72502D45600B3170B /* NewsFeedViewCellViewModel.swift in Sources */ = {isa = PBXBuildFile; fileRef = 24D971A62502D45600B3170B /* NewsFeedViewCellViewModel.swift */; };
		24D971AA2504C58600B3170B /* NewsDetailController.swift in Sources */ = {isa = PBXBuildFile; fileRef = 24D971A92504C58600B3170B /* NewsDetailController.swift */; };
		24D971AC2504C59600B3170B /* NewsDetailController.storyboard in Resources */ = {isa = PBXBuildFile; fileRef = 24D971AB2504C59600B3170B /* NewsDetailController.storyboard */; };
		24D971AE2504C5A800B3170B /* NewsDetailViewModel.swift in Sources */ = {isa = PBXBuildFile; fileRef = 24D971AD2504C5A800B3170B /* NewsDetailViewModel.swift */; };
		A75A70D46620BEA0CC01246F /* Pods_RRSNewsFeed.framework in Frameworks */ = {isa = PBXBuildFile; fileRef = D52CCB324B11D13ECE1B4E8B /* Pods_RRSNewsFeed.framework */; };
/* End PBXBuildFile section */

/* Begin PBXContainerItemProxy section */
		24D9717925029F9100B3170B /* PBXContainerItemProxy */ = {
			isa = PBXContainerItemProxy;
			containerPortal = 24D9715725029F8D00B3170B /* Project object */;
			proxyType = 1;
			remoteGlobalIDString = 24D9715E25029F8D00B3170B;
			remoteInfo = RRSNewsFeed;
		};
/* End PBXContainerItemProxy section */

/* Begin PBXFileReference section */
		0167026E740A8A2F56D73E32 /* Pods-RRSNewsFeed.release.xcconfig */ = {isa = PBXFileReference; includeInIndex = 1; lastKnownFileType = text.xcconfig; name = "Pods-RRSNewsFeed.release.xcconfig"; path = "Target Support Files/Pods-RRSNewsFeed/Pods-RRSNewsFeed.release.xcconfig"; sourceTree = "<group>"; };
		24D9715F25029F8D00B3170B /* RRSNewsFeed.app */ = {isa = PBXFileReference; explicitFileType = wrapper.application; includeInIndex = 0; path = RRSNewsFeed.app; sourceTree = BUILT_PRODUCTS_DIR; };
		24D9716225029F8D00B3170B /* AppDelegate.swift */ = {isa = PBXFileReference; lastKnownFileType = sourcecode.swift; path = AppDelegate.swift; sourceTree = "<group>"; };
		24D9716425029F8D00B3170B /* SceneDelegate.swift */ = {isa = PBXFileReference; lastKnownFileType = sourcecode.swift; path = SceneDelegate.swift; sourceTree = "<group>"; };
		24D9716625029F8D00B3170B /* NewsFeedViewController.swift */ = {isa = PBXFileReference; lastKnownFileType = sourcecode.swift; name = NewsFeedViewController.swift; path = /Users/sergeyberdnik/Documents/XcodeProjects/RRSNewsFeed/RRSNewsFeed/NewsFeedViewController.swift; sourceTree = "<absolute>"; };
		24D9716C25029F8D00B3170B /* RRSNewsFeed.xcdatamodel */ = {isa = PBXFileReference; lastKnownFileType = wrapper.xcdatamodel; path = RRSNewsFeed.xcdatamodel; sourceTree = "<group>"; };
		24D9716E25029F9000B3170B /* Assets.xcassets */ = {isa = PBXFileReference; lastKnownFileType = folder.assetcatalog; path = Assets.xcassets; sourceTree = "<group>"; };
		24D9717125029F9000B3170B /* Base */ = {isa = PBXFileReference; lastKnownFileType = file.storyboard; name = Base; path = Base.lproj/LaunchScreen.storyboard; sourceTree = "<group>"; };
		24D9717325029F9000B3170B /* Info.plist */ = {isa = PBXFileReference; lastKnownFileType = text.plist.xml; path = Info.plist; sourceTree = "<group>"; };
		24D9717825029F9100B3170B /* RRSNewsFeedTests.xctest */ = {isa = PBXFileReference; explicitFileType = wrapper.cfbundle; includeInIndex = 0; path = RRSNewsFeedTests.xctest; sourceTree = BUILT_PRODUCTS_DIR; };
		24D9717C25029F9100B3170B /* RRSNewsFeedTests.swift */ = {isa = PBXFileReference; lastKnownFileType = sourcecode.swift; path = RRSNewsFeedTests.swift; sourceTree = "<group>"; };
		24D9717E25029F9100B3170B /* Info.plist */ = {isa = PBXFileReference; lastKnownFileType = text.plist.xml; path = Info.plist; sourceTree = "<group>"; };
		24D971872502A05200B3170B /* RSSNewsFeed.swift */ = {isa = PBXFileReference; lastKnownFileType = sourcecode.swift; path = RSSNewsFeed.swift; sourceTree = "<group>"; };
		24D9718B2502ADB700B3170B /* NewsFeedParser.swift */ = {isa = PBXFileReference; lastKnownFileType = sourcecode.swift; path = NewsFeedParser.swift; sourceTree = "<group>"; };
		24D9719C2502CF2900B3170B /* NewsFeedViewController.storyboard */ = {isa = PBXFileReference; lastKnownFileType = file.storyboard; path = NewsFeedViewController.storyboard; sourceTree = "<group>"; };
		24D9719E2502D01F00B3170B /* NewsFeedViewModel.swift */ = {isa = PBXFileReference; fileEncoding = 4; lastKnownFileType = sourcecode.swift; path = NewsFeedViewModel.swift; sourceTree = "<group>"; };
		24D971A22502D2EF00B3170B /* NewsFeedViewCell.swift */ = {isa = PBXFileReference; fileEncoding = 4; lastKnownFileType = sourcecode.swift; path = NewsFeedViewCell.swift; sourceTree = "<group>"; };
		24D971A32502D2EF00B3170B /* NewsFeedViewCell.xib */ = {isa = PBXFileReference; fileEncoding = 4; lastKnownFileType = file.xib; path = NewsFeedViewCell.xib; sourceTree = "<group>"; };
		24D971A62502D45600B3170B /* NewsFeedViewCellViewModel.swift */ = {isa = PBXFileReference; lastKnownFileType = sourcecode.swift; path = NewsFeedViewCellViewModel.swift; sourceTree = "<group>"; };
		24D971A92504C58600B3170B /* NewsDetailController.swift */ = {isa = PBXFileReference; lastKnownFileType = sourcecode.swift; path = NewsDetailController.swift; sourceTree = "<group>"; };
		24D971AB2504C59600B3170B /* NewsDetailController.storyboard */ = {isa = PBXFileReference; lastKnownFileType = file.storyboard; path = NewsDetailController.storyboard; sourceTree = "<group>"; };
		24D971AD2504C5A800B3170B /* NewsDetailViewModel.swift */ = {isa = PBXFileReference; lastKnownFileType = sourcecode.swift; path = NewsDetailViewModel.swift; sourceTree = "<group>"; };
		ADED7CC6F204D10EBFC03324 /* Pods-RRSNewsFeed.debug.xcconfig */ = {isa = PBXFileReference; includeInIndex = 1; lastKnownFileType = text.xcconfig; name = "Pods-RRSNewsFeed.debug.xcconfig"; path = "Target Support Files/Pods-RRSNewsFeed/Pods-RRSNewsFeed.debug.xcconfig"; sourceTree = "<group>"; };
		D52CCB324B11D13ECE1B4E8B /* Pods_RRSNewsFeed.framework */ = {isa = PBXFileReference; explicitFileType = wrapper.framework; includeInIndex = 0; path = Pods_RRSNewsFeed.framework; sourceTree = BUILT_PRODUCTS_DIR; };
/* End PBXFileReference section */

/* Begin PBXFrameworksBuildPhase section */
		24D9715C25029F8D00B3170B /* Frameworks */ = {
			isa = PBXFrameworksBuildPhase;
			buildActionMask = 2147483647;
			files = (
				A75A70D46620BEA0CC01246F /* Pods_RRSNewsFeed.framework in Frameworks */,
			);
			runOnlyForDeploymentPostprocessing = 0;
		};
		24D9717525029F9100B3170B /* Frameworks */ = {
			isa = PBXFrameworksBuildPhase;
			buildActionMask = 2147483647;
			files = (
			);
			runOnlyForDeploymentPostprocessing = 0;
		};
/* End PBXFrameworksBuildPhase section */

/* Begin PBXGroup section */
		24D9715625029F8D00B3170B = {
			isa = PBXGroup;
			children = (
				24D9716125029F8D00B3170B /* RRSNewsFeed */,
				24D9717B25029F9100B3170B /* RRSNewsFeedTests */,
				24D9716025029F8D00B3170B /* Products */,
				99A1C9732B4BD9E1FA5F8BBF /* Pods */,
				5F2311756791581B6B9FBFA2 /* Frameworks */,
			);
			sourceTree = "<group>";
		};
		24D9716025029F8D00B3170B /* Products */ = {
			isa = PBXGroup;
			children = (
				24D9715F25029F8D00B3170B /* RRSNewsFeed.app */,
				24D9717825029F9100B3170B /* RRSNewsFeedTests.xctest */,
			);
			name = Products;
			sourceTree = "<group>";
		};
		24D9716125029F8D00B3170B /* RRSNewsFeed */ = {
			isa = PBXGroup;
			children = (
				24D9716225029F8D00B3170B /* AppDelegate.swift */,
				24D9718D2502BB6B00B3170B /* Model */,
				24D9718E2502BB7B00B3170B /* NetworkService */,
				24D9716425029F8D00B3170B /* SceneDelegate.swift */,
				24D9718F2502BB9600B3170B /* NewsFeedController */,
				24D9716E25029F9000B3170B /* Assets.xcassets */,
				24D971A82504C57700B3170B /* NewsDetailConroller */,
				24D9717025029F9000B3170B /* LaunchScreen.storyboard */,
				24D9717325029F9000B3170B /* Info.plist */,
				24D9716B25029F8D00B3170B /* RRSNewsFeed.xcdatamodeld */,
			);
			path = RRSNewsFeed;
			sourceTree = "<group>";
		};
		24D9717B25029F9100B3170B /* RRSNewsFeedTests */ = {
			isa = PBXGroup;
			children = (
				24D9717C25029F9100B3170B /* RRSNewsFeedTests.swift */,
				24D9717E25029F9100B3170B /* Info.plist */,
			);
			path = RRSNewsFeedTests;
			sourceTree = "<group>";
		};
		24D9718D2502BB6B00B3170B /* Model */ = {
			isa = PBXGroup;
			children = (
				24D971872502A05200B3170B /* RSSNewsFeed.swift */,
			);
			path = Model;
			sourceTree = "<group>";
		};
		24D9718E2502BB7B00B3170B /* NetworkService */ = {
			isa = PBXGroup;
			children = (
				24D9718B2502ADB700B3170B /* NewsFeedParser.swift */,
			);
			path = NetworkService;
			sourceTree = "<group>";
		};
		24D9718F2502BB9600B3170B /* NewsFeedController */ = {
			isa = PBXGroup;
			children = (
				24D971A12502D2EF00B3170B /* View */,
				24D9716625029F8D00B3170B /* NewsFeedViewController.swift */,
				24D9719E2502D01F00B3170B /* NewsFeedViewModel.swift */,
				24D9719C2502CF2900B3170B /* NewsFeedViewController.storyboard */,
			);
			path = NewsFeedController;
			sourceTree = "<group>";
		};
		24D971A12502D2EF00B3170B /* View */ = {
			isa = PBXGroup;
			children = (
				24D971A22502D2EF00B3170B /* NewsFeedViewCell.swift */,
				24D971A32502D2EF00B3170B /* NewsFeedViewCell.xib */,
				24D971A62502D45600B3170B /* NewsFeedViewCellViewModel.swift */,
			);
			path = View;
			sourceTree = "<group>";
		};
		24D971A82504C57700B3170B /* NewsDetailConroller */ = {
			isa = PBXGroup;
			children = (
				24D971A92504C58600B3170B /* NewsDetailController.swift */,
				24D971AB2504C59600B3170B /* NewsDetailController.storyboard */,
				24D971AD2504C5A800B3170B /* NewsDetailViewModel.swift */,
			);
			name = NewsDetailConroller;
			path = ..;
			sourceTree = "<group>";
		};
		5F2311756791581B6B9FBFA2 /* Frameworks */ = {
			isa = PBXGroup;
			children = (
				D52CCB324B11D13ECE1B4E8B /* Pods_RRSNewsFeed.framework */,
			);
			name = Frameworks;
			sourceTree = "<group>";
		};
		99A1C9732B4BD9E1FA5F8BBF /* Pods */ = {
			isa = PBXGroup;
			children = (
				ADED7CC6F204D10EBFC03324 /* Pods-RRSNewsFeed.debug.xcconfig */,
				0167026E740A8A2F56D73E32 /* Pods-RRSNewsFeed.release.xcconfig */,
			);
			path = Pods;
			sourceTree = "<group>";
		};
/* End PBXGroup section */

/* Begin PBXNativeTarget section */
		24D9715E25029F8D00B3170B /* RRSNewsFeed */ = {
			isa = PBXNativeTarget;
			buildConfigurationList = 24D9718125029F9100B3170B /* Build configuration list for PBXNativeTarget "RRSNewsFeed" */;
			buildPhases = (
				D53CC866753BBCB6B070A59E /* [CP] Check Pods Manifest.lock */,
				24D9715B25029F8D00B3170B /* Sources */,
				24D9715C25029F8D00B3170B /* Frameworks */,
				24D9715D25029F8D00B3170B /* Resources */,
				3EC0BCF6D85259AFDAF08BBC /* [CP] Embed Pods Frameworks */,
			);
			buildRules = (
			);
			dependencies = (
			);
			name = RRSNewsFeed;
			productName = RRSNewsFeed;
			productReference = 24D9715F25029F8D00B3170B /* RRSNewsFeed.app */;
			productType = "com.apple.product-type.application";
		};
		24D9717725029F9100B3170B /* RRSNewsFeedTests */ = {
			isa = PBXNativeTarget;
			buildConfigurationList = 24D9718425029F9100B3170B /* Build configuration list for PBXNativeTarget "RRSNewsFeedTests" */;
			buildPhases = (
				24D9717425029F9100B3170B /* Sources */,
				24D9717525029F9100B3170B /* Frameworks */,
				24D9717625029F9100B3170B /* Resources */,
			);
			buildRules = (
			);
			dependencies = (
				24D9717A25029F9100B3170B /* PBXTargetDependency */,
			);
			name = RRSNewsFeedTests;
			productName = RRSNewsFeedTests;
			productReference = 24D9717825029F9100B3170B /* RRSNewsFeedTests.xctest */;
			productType = "com.apple.product-type.bundle.unit-test";
		};
/* End PBXNativeTarget section */

/* Begin PBXProject section */
		24D9715725029F8D00B3170B /* Project object */ = {
			isa = PBXProject;
			attributes = {
				LastSwiftUpdateCheck = 1150;
				LastUpgradeCheck = 1150;
				ORGANIZATIONNAME = "Sergey berdnik";
				TargetAttributes = {
					24D9715E25029F8D00B3170B = {
						CreatedOnToolsVersion = 11.5;
					};
					24D9717725029F9100B3170B = {
						CreatedOnToolsVersion = 11.5;
						TestTargetID = 24D9715E25029F8D00B3170B;
					};
				};
			};
			buildConfigurationList = 24D9715A25029F8D00B3170B /* Build configuration list for PBXProject "RRSNewsFeed" */;
			compatibilityVersion = "Xcode 9.3";
			developmentRegion = en;
			hasScannedForEncodings = 0;
			knownRegions = (
				en,
				Base,
			);
			mainGroup = 24D9715625029F8D00B3170B;
			productRefGroup = 24D9716025029F8D00B3170B /* Products */;
			projectDirPath = "";
			projectRoot = "";
			targets = (
				24D9715E25029F8D00B3170B /* RRSNewsFeed */,
				24D9717725029F9100B3170B /* RRSNewsFeedTests */,
			);
		};
/* End PBXProject section */

/* Begin PBXResourcesBuildPhase section */
		24D9715D25029F8D00B3170B /* Resources */ = {
			isa = PBXResourcesBuildPhase;
			buildActionMask = 2147483647;
			files = (
				24D9719D2502CF2900B3170B /* NewsFeedViewController.storyboard in Resources */,
				24D971A52502D2EF00B3170B /* NewsFeedViewCell.xib in Resources */,
				24D9717225029F9000B3170B /* LaunchScreen.storyboard in Resources */,
				24D9716F25029F9000B3170B /* Assets.xcassets in Resources */,
				24D971AC2504C59600B3170B /* NewsDetailController.storyboard in Resources */,
			);
			runOnlyForDeploymentPostprocessing = 0;
		};
		24D9717625029F9100B3170B /* Resources */ = {
			isa = PBXResourcesBuildPhase;
			buildActionMask = 2147483647;
			files = (
			);
			runOnlyForDeploymentPostprocessing = 0;
		};
/* End PBXResourcesBuildPhase section */

/* Begin PBXShellScriptBuildPhase section */
		3EC0BCF6D85259AFDAF08BBC /* [CP] Embed Pods Frameworks */ = {
			isa = PBXShellScriptBuildPhase;
			buildActionMask = 2147483647;
			files = (
			);
			inputFileListPaths = (
				"${PODS_ROOT}/Target Support Files/Pods-RRSNewsFeed/Pods-RRSNewsFeed-frameworks-${CONFIGURATION}-input-files.xcfilelist",
			);
			name = "[CP] Embed Pods Frameworks";
			outputFileListPaths = (
				"${PODS_ROOT}/Target Support Files/Pods-RRSNewsFeed/Pods-RRSNewsFeed-frameworks-${CONFIGURATION}-output-files.xcfilelist",
			);
			runOnlyForDeploymentPostprocessing = 0;
			shellPath = /bin/sh;
			shellScript = "\"${PODS_ROOT}/Target Support Files/Pods-RRSNewsFeed/Pods-RRSNewsFeed-frameworks.sh\"\n";
			showEnvVarsInLog = 0;
		};
		D53CC866753BBCB6B070A59E /* [CP] Check Pods Manifest.lock */ = {
			isa = PBXShellScriptBuildPhase;
			buildActionMask = 2147483647;
			files = (
			);
			inputFileListPaths = (
			);
			inputPaths = (
				"${PODS_PODFILE_DIR_PATH}/Podfile.lock",
				"${PODS_ROOT}/Manifest.lock",
			);
			name = "[CP] Check Pods Manifest.lock";
			outputFileListPaths = (
			);
			outputPaths = (
				"$(DERIVED_FILE_DIR)/Pods-RRSNewsFeed-checkManifestLockResult.txt",
			);
			runOnlyForDeploymentPostprocessing = 0;
			shellPath = /bin/sh;
			shellScript = "diff \"${PODS_PODFILE_DIR_PATH}/Podfile.lock\" \"${PODS_ROOT}/Manifest.lock\" > /dev/null\nif [ $? != 0 ] ; then\n    # print error to STDERR\n    echo \"error: The sandbox is not in sync with the Podfile.lock. Run 'pod install' or update your CocoaPods installation.\" >&2\n    exit 1\nfi\n# This output is used by Xcode 'outputs' to avoid re-running this script phase.\necho \"SUCCESS\" > \"${SCRIPT_OUTPUT_FILE_0}\"\n";
			showEnvVarsInLog = 0;
		};
/* End PBXShellScriptBuildPhase section */

/* Begin PBXSourcesBuildPhase section */
		24D9715B25029F8D00B3170B /* Sources */ = {
			isa = PBXSourcesBuildPhase;
			buildActionMask = 2147483647;
			files = (
				24D9716D25029F8D00B3170B /* RRSNewsFeed.xcdatamodeld in Sources */,
				24D971AA2504C58600B3170B /* NewsDetailController.swift in Sources */,
				24D9716725029F8D00B3170B /* NewsFeedViewController.swift in Sources */,
				24D9718C2502ADB700B3170B /* NewsFeedParser.swift in Sources */,
				24D9719F2502D01F00B3170B /* NewsFeedViewModel.swift in Sources */,
				24D971AE2504C5A800B3170B /* NewsDetailViewModel.swift in Sources */,
				24D9716325029F8D00B3170B /* AppDelegate.swift in Sources */,
				24D971A42502D2EF00B3170B /* NewsFeedViewCell.swift in Sources */,
				24D971A72502D45600B3170B /* NewsFeedViewCellViewModel.swift in Sources */,
				24D971882502A05200B3170B /* RSSNewsFeed.swift in Sources */,
				24D9716525029F8D00B3170B /* SceneDelegate.swift in Sources */,
			);
			runOnlyForDeploymentPostprocessing = 0;
		};
		24D9717425029F9100B3170B /* Sources */ = {
			isa = PBXSourcesBuildPhase;
			buildActionMask = 2147483647;
			files = (
				24D9717D25029F9100B3170B /* RRSNewsFeedTests.swift in Sources */,
			);
			runOnlyForDeploymentPostprocessing = 0;
		};
/* End PBXSourcesBuildPhase section */

/* Begin PBXTargetDependency section */
		24D9717A25029F9100B3170B /* PBXTargetDependency */ = {
			isa = PBXTargetDependency;
			target = 24D9715E25029F8D00B3170B /* RRSNewsFeed */;
			targetProxy = 24D9717925029F9100B3170B /* PBXContainerItemProxy */;
		};
/* End PBXTargetDependency section */

/* Begin PBXVariantGroup section */
		24D9717025029F9000B3170B /* LaunchScreen.storyboard */ = {
			isa = PBXVariantGroup;
			children = (
				24D9717125029F9000B3170B /* Base */,
			);
			name = LaunchScreen.storyboard;
			sourceTree = "<group>";
		};
/* End PBXVariantGroup section */

/* Begin XCBuildConfiguration section */
		24D9717F25029F9100B3170B /* Debug */ = {
			isa = XCBuildConfiguration;
			buildSettings = {
				ALWAYS_SEARCH_USER_PATHS = NO;
				CLANG_ANALYZER_NONNULL = YES;
				CLANG_ANALYZER_NUMBER_OBJECT_CONVERSION = YES_AGGRESSIVE;
				CLANG_CXX_LANGUAGE_STANDARD = "gnu++14";
				CLANG_CXX_LIBRARY = "libc++";
				CLANG_ENABLE_MODULES = YES;
				CLANG_ENABLE_OBJC_ARC = YES;
				CLANG_ENABLE_OBJC_WEAK = YES;
				CLANG_WARN_BLOCK_CAPTURE_AUTORELEASING = YES;
				CLANG_WARN_BOOL_CONVERSION = YES;
				CLANG_WARN_COMMA = YES;
				CLANG_WARN_CONSTANT_CONVERSION = YES;
				CLANG_WARN_DEPRECATED_OBJC_IMPLEMENTATIONS = YES;
				CLANG_WARN_DIRECT_OBJC_ISA_USAGE = YES_ERROR;
				CLANG_WARN_DOCUMENTATION_COMMENTS = YES;
				CLANG_WARN_EMPTY_BODY = YES;
				CLANG_WARN_ENUM_CONVERSION = YES;
				CLANG_WARN_INFINITE_RECURSION = YES;
				CLANG_WARN_INT_CONVERSION = YES;
				CLANG_WARN_NON_LITERAL_NULL_CONVERSION = YES;
				CLANG_WARN_OBJC_IMPLICIT_RETAIN_SELF = YES;
				CLANG_WARN_OBJC_LITERAL_CONVERSION = YES;
				CLANG_WARN_OBJC_ROOT_CLASS = YES_ERROR;
				CLANG_WARN_RANGE_LOOP_ANALYSIS = YES;
				CLANG_WARN_STRICT_PROTOTYPES = YES;
				CLANG_WARN_SUSPICIOUS_MOVE = YES;
				CLANG_WARN_UNGUARDED_AVAILABILITY = YES_AGGRESSIVE;
				CLANG_WARN_UNREACHABLE_CODE = YES;
				CLANG_WARN__DUPLICATE_METHOD_MATCH = YES;
				COPY_PHASE_STRIP = NO;
				DEBUG_INFORMATION_FORMAT = dwarf;
				ENABLE_STRICT_OBJC_MSGSEND = YES;
				ENABLE_TESTABILITY = YES;
				GCC_C_LANGUAGE_STANDARD = gnu11;
				GCC_DYNAMIC_NO_PIC = NO;
				GCC_NO_COMMON_BLOCKS = YES;
				GCC_OPTIMIZATION_LEVEL = 0;
				GCC_PREPROCESSOR_DEFINITIONS = (
					"DEBUG=1",
					"$(inherited)",
				);
				GCC_WARN_64_TO_32_BIT_CONVERSION = YES;
				GCC_WARN_ABOUT_RETURN_TYPE = YES_ERROR;
				GCC_WARN_UNDECLARED_SELECTOR = YES;
				GCC_WARN_UNINITIALIZED_AUTOS = YES_AGGRESSIVE;
				GCC_WARN_UNUSED_FUNCTION = YES;
				GCC_WARN_UNUSED_VARIABLE = YES;
				IPHONEOS_DEPLOYMENT_TARGET = 13.5;
				MTL_ENABLE_DEBUG_INFO = INCLUDE_SOURCE;
				MTL_FAST_MATH = YES;
				ONLY_ACTIVE_ARCH = YES;
				SDKROOT = iphoneos;
				SWIFT_ACTIVE_COMPILATION_CONDITIONS = DEBUG;
				SWIFT_OPTIMIZATION_LEVEL = "-Onone";
			};
			name = Debug;
		};
		24D9718025029F9100B3170B /* Release */ = {
			isa = XCBuildConfiguration;
			buildSettings = {
				ALWAYS_SEARCH_USER_PATHS = NO;
				CLANG_ANALYZER_NONNULL = YES;
				CLANG_ANALYZER_NUMBER_OBJECT_CONVERSION = YES_AGGRESSIVE;
				CLANG_CXX_LANGUAGE_STANDARD = "gnu++14";
				CLANG_CXX_LIBRARY = "libc++";
				CLANG_ENABLE_MODULES = YES;
				CLANG_ENABLE_OBJC_ARC = YES;
				CLANG_ENABLE_OBJC_WEAK = YES;
				CLANG_WARN_BLOCK_CAPTURE_AUTORELEASING = YES;
				CLANG_WARN_BOOL_CONVERSION = YES;
				CLANG_WARN_COMMA = YES;
				CLANG_WARN_CONSTANT_CONVERSION = YES;
				CLANG_WARN_DEPRECATED_OBJC_IMPLEMENTATIONS = YES;
				CLANG_WARN_DIRECT_OBJC_ISA_USAGE = YES_ERROR;
				CLANG_WARN_DOCUMENTATION_COMMENTS = YES;
				CLANG_WARN_EMPTY_BODY = YES;
				CLANG_WARN_ENUM_CONVERSION = YES;
				CLANG_WARN_INFINITE_RECURSION = YES;
				CLANG_WARN_INT_CONVERSION = YES;
				CLANG_WARN_NON_LITERAL_NULL_CONVERSION = YES;
				CLANG_WARN_OBJC_IMPLICIT_RETAIN_SELF = YES;
				CLANG_WARN_OBJC_LITERAL_CONVERSION = YES;
				CLANG_WARN_OBJC_ROOT_CLASS = YES_ERROR;
				CLANG_WARN_RANGE_LOOP_ANALYSIS = YES;
				CLANG_WARN_STRICT_PROTOTYPES = YES;
				CLANG_WARN_SUSPICIOUS_MOVE = YES;
				CLANG_WARN_UNGUARDED_AVAILABILITY = YES_AGGRESSIVE;
				CLANG_WARN_UNREACHABLE_CODE = YES;
				CLANG_WARN__DUPLICATE_METHOD_MATCH = YES;
				COPY_PHASE_STRIP = NO;
				DEBUG_INFORMATION_FORMAT = "dwarf-with-dsym";
				ENABLE_NS_ASSERTIONS = NO;
				ENABLE_STRICT_OBJC_MSGSEND = YES;
				GCC_C_LANGUAGE_STANDARD = gnu11;
				GCC_NO_COMMON_BLOCKS = YES;
				GCC_WARN_64_TO_32_BIT_CONVERSION = YES;
				GCC_WARN_ABOUT_RETURN_TYPE = YES_ERROR;
				GCC_WARN_UNDECLARED_SELECTOR = YES;
				GCC_WARN_UNINITIALIZED_AUTOS = YES_AGGRESSIVE;
				GCC_WARN_UNUSED_FUNCTION = YES;
				GCC_WARN_UNUSED_VARIABLE = YES;
				IPHONEOS_DEPLOYMENT_TARGET = 13.5;
				MTL_ENABLE_DEBUG_INFO = NO;
				MTL_FAST_MATH = YES;
				SDKROOT = iphoneos;
				SWIFT_COMPILATION_MODE = wholemodule;
				SWIFT_OPTIMIZATION_LEVEL = "-O";
				VALIDATE_PRODUCT = YES;
			};
			name = Release;
		};
		24D9718225029F9100B3170B /* Debug */ = {
			isa = XCBuildConfiguration;
			baseConfigurationReference = ADED7CC6F204D10EBFC03324 /* Pods-RRSNewsFeed.debug.xcconfig */;
			buildSettings = {
				ASSETCATALOG_COMPILER_APPICON_NAME = AppIcon;
				CODE_SIGN_STYLE = Automatic;
				DEVELOPMENT_TEAM = 8YM8U69AT5;
				INFOPLIST_FILE = RRSNewsFeed/Info.plist;
				LD_RUNPATH_SEARCH_PATHS = (
					"$(inherited)",
					"@executable_path/Frameworks",
				);
				PRODUCT_BUNDLE_IDENTIFIER = home.RRSNewsFeed;
				PRODUCT_NAME = "$(TARGET_NAME)";
				SWIFT_VERSION = 5.0;
				TARGETED_DEVICE_FAMILY = "1,2";
			};
			name = Debug;
		};
		24D9718325029F9100B3170B /* Release */ = {
			isa = XCBuildConfiguration;
			baseConfigurationReference = 0167026E740A8A2F56D73E32 /* Pods-RRSNewsFeed.release.xcconfig */;
			buildSettings = {
				ASSETCATALOG_COMPILER_APPICON_NAME = AppIcon;
				CODE_SIGN_STYLE = Automatic;
				DEVELOPMENT_TEAM = 8YM8U69AT5;
				INFOPLIST_FILE = RRSNewsFeed/Info.plist;
				LD_RUNPATH_SEARCH_PATHS = (
					"$(inherited)",
					"@executable_path/Frameworks",
				);
				PRODUCT_BUNDLE_IDENTIFIER = home.RRSNewsFeed;
				PRODUCT_NAME = "$(TARGET_NAME)";
				SWIFT_VERSION = 5.0;
				TARGETED_DEVICE_FAMILY = "1,2";
			};
			name = Release;
		};
		24D9718525029F9100B3170B /* Debug */ = {
			isa = XCBuildConfiguration;
			buildSettings = {
				ALWAYS_EMBED_SWIFT_STANDARD_LIBRARIES = YES;
				BUNDLE_LOADER = "$(TEST_HOST)";
				CODE_SIGN_STYLE = Automatic;
				DEVELOPMENT_TEAM = 8YM8U69AT5;
				INFOPLIST_FILE = RRSNewsFeedTests/Info.plist;
				IPHONEOS_DEPLOYMENT_TARGET = 13.5;
				LD_RUNPATH_SEARCH_PATHS = (
					"$(inherited)",
					"@executable_path/Frameworks",
					"@loader_path/Frameworks",
				);
				PRODUCT_BUNDLE_IDENTIFIER = home.RRSNewsFeedTests;
				PRODUCT_NAME = "$(TARGET_NAME)";
				SWIFT_VERSION = 5.0;
				TARGETED_DEVICE_FAMILY = "1,2";
				TEST_HOST = "$(BUILT_PRODUCTS_DIR)/RRSNewsFeed.app/RRSNewsFeed";
			};
			name = Debug;
		};
		24D9718625029F9100B3170B /* Release */ = {
			isa = XCBuildConfiguration;
			buildSettings = {
				ALWAYS_EMBED_SWIFT_STANDARD_LIBRARIES = YES;
				BUNDLE_LOADER = "$(TEST_HOST)";
				CODE_SIGN_STYLE = Automatic;
				DEVELOPMENT_TEAM = 8YM8U69AT5;
				INFOPLIST_FILE = RRSNewsFeedTests/Info.plist;
				IPHONEOS_DEPLOYMENT_TARGET = 13.5;
				LD_RUNPATH_SEARCH_PATHS = (
					"$(inherited)",
					"@executable_path/Frameworks",
					"@loader_path/Frameworks",
				);
				PRODUCT_BUNDLE_IDENTIFIER = home.RRSNewsFeedTests;
				PRODUCT_NAME = "$(TARGET_NAME)";
				SWIFT_VERSION = 5.0;
				TARGETED_DEVICE_FAMILY = "1,2";
				TEST_HOST = "$(BUILT_PRODUCTS_DIR)/RRSNewsFeed.app/RRSNewsFeed";
			};
			name = Release;
		};
/* End XCBuildConfiguration section */

/* Begin XCConfigurationList section */
		24D9715A25029F8D00B3170B /* Build configuration list for PBXProject "RRSNewsFeed" */ = {
			isa = XCConfigurationList;
			buildConfigurations = (
				24D9717F25029F9100B3170B /* Debug */,
				24D9718025029F9100B3170B /* Release */,
			);
			defaultConfigurationIsVisible = 0;
			defaultConfigurationName = Release;
		};
		24D9718125029F9100B3170B /* Build configuration list for PBXNativeTarget "RRSNewsFeed" */ = {
			isa = XCConfigurationList;
			buildConfigurations = (
				24D9718225029F9100B3170B /* Debug */,
				24D9718325029F9100B3170B /* Release */,
			);
			defaultConfigurationIsVisible = 0;
			defaultConfigurationName = Release;
		};
		24D9718425029F9100B3170B /* Build configuration list for PBXNativeTarget "RRSNewsFeedTests" */ = {
			isa = XCConfigurationList;
			buildConfigurations = (
				24D9718525029F9100B3170B /* Debug */,
				24D9718625029F9100B3170B /* Release */,
			);
			defaultConfigurationIsVisible = 0;
			defaultConfigurationName = Release;
		};
/* End XCConfigurationList section */

/* Begin XCVersionGroup section */
		24D9716B25029F8D00B3170B /* RRSNewsFeed.xcdatamodeld */ = {
			isa = XCVersionGroup;
			children = (
				24D9716C25029F8D00B3170B /* RRSNewsFeed.xcdatamodel */,
			);
			currentVersion = 24D9716C25029F8D00B3170B /* RRSNewsFeed.xcdatamodel */;
			path = RRSNewsFeed.xcdatamodeld;
			sourceTree = "<group>";
			versionGroupType = wrapper.xcdatamodel;
		};
/* End XCVersionGroup section */
	};
	rootObject = 24D9715725029F8D00B3170B /* Project object */;
}
